
Microsoft Visual Studio Solution File, Format Version 12.00
# Visual Studio 15
VisualStudioVersion = 15.0.26730.15
MinimumVisualStudioVersion = 10.0.40219.1
Project("{9A19103F-16F7-4668-BE54-9A1E7A4F7556}") = "Cart", "Cart\Cart.csproj", "{40B01C4A-550D-4FDF-B185-6AD35B3F9E7D}"
EndProject
Project("{FAE04EC0-301F-11D3-BF4B-00C04F79EFBC}") = "CartTestProject", "..\CartTestProject\CartTestProject.csproj", "{7C7B9F8E-E54D-4ABF-AAC4-976D3C4D903E}"
EndProject
Global
	GlobalSection(SolutionConfigurationPlatforms) = preSolution
		Debug|Any CPU = Debug|Any CPU
		Release|Any CPU = Release|Any CPU
	EndGlobalSection
	GlobalSection(ProjectConfigurationPlatforms) = postSolution
		{40B01C4A-550D-4FDF-B185-6AD35B3F9E7D}.Debug|Any CPU.ActiveCfg = Debug|Any CPU
		{40B01C4A-550D-4FDF-B185-6AD35B3F9E7D}.Debug|Any CPU.Build.0 = Debug|Any CPU
		{40B01C4A-550D-4FDF-B185-6AD35B3F9E7D}.Release|Any CPU.ActiveCfg = Release|Any CPU
		{40B01C4A-550D-4FDF-B185-6AD35B3F9E7D}.Release|Any CPU.Build.0 = Release|Any CPU
		{7C7B9F8E-E54D-4ABF-AAC4-976D3C4D903E}.Debug|Any CPU.ActiveCfg = Debug|Any CPU
		{7C7B9F8E-E54D-4ABF-AAC4-976D3C4D903E}.Debug|Any CPU.Build.0 = Debug|Any CPU
		{7C7B9F8E-E54D-4ABF-AAC4-976D3C4D903E}.Release|Any CPU.ActiveCfg = Release|Any CPU
		{7C7B9F8E-E54D-4ABF-AAC4-976D3C4D903E}.Release|Any CPU.Build.0 = Release|Any CPU
	EndGlobalSection
	GlobalSection(SolutionProperties) = preSolution
		HideSolutionNode = FALSE
	EndGlobalSection
	GlobalSection(ExtensibilityGlobals) = postSolution
		SolutionGuid = {29B0A5AE-C675-4B50-BD05-C1CDC314FCAC}
	EndGlobalSection
EndGlobal
